PODS:
  - Alamofire (4.8.1)
  - Nuke (7.5.2)

DEPENDENCIES:
  - Alamofire
  - Nuke (~> 7.0)

SPEC REPOS:
  https://github.com/CocoaPods/Specs.git:
    - Alamofire
    - Nuke

SPEC CHECKSUMS:
  Alamofire: 16ce2c353fb72865124ddae8a57c5942388f4f11
  Nuke: 0350d346a688426e8f2331253ef28dc2fc4f6178

PODFILE CHECKSUM: 2382251d57165957b34b874ff5aef7afa2f959f8

COCOAPODS: 1.5.0
